// !$*UTF8*$!
{
	archiveVersion = 1;
	classes = {
	};
	objectVersion = 50;
	objects = {

/* Begin PBXBuildFile section */
		D98C386A2466B55F00919F2E /* AppDelegate.swift in Sources */ = {isa = PBXBuildFile; fileRef = D98C38692466B55F00919F2E /* AppDelegate.swift */; };
		D98C386C2466B55F00919F2E /* SceneDelegate.swift in Sources */ = {isa = PBXBuildFile; fileRef = D98C386B2466B55F00919F2E /* SceneDelegate.swift */; };
		D98C386E2466B55F00919F2E /* ViewController.swift in Sources */ = {isa = PBXBuildFile; fileRef = D98C386D2466B55F00919F2E /* ViewController.swift */; };
		D98C38712466B55F00919F2E /* Main.storyboard in Resources */ = {isa = PBXBuildFile; fileRef = D98C386F2466B55F00919F2E /* Main.storyboard */; };
		D98C38732466B56200919F2E /* Assets.xcassets in Resources */ = {isa = PBXBuildFile; fileRef = D98C38722466B56200919F2E /* Assets.xcassets */; };
		D98C38762466B56200919F2E /* LaunchScreen.storyboard in Resources */ = {isa = PBXBuildFile; fileRef = D98C38742466B56200919F2E /* LaunchScreen.storyboard */; };
		D98C38852466B5E200919F2E /* G.wav in Resources */ = {isa = PBXBuildFile; fileRef = D98C387E2466B5E200919F2E /* G.wav */; };
		D98C38862466B5E200919F2E /* D.wav in Resources */ = {isa = PBXBuildFile; fileRef = D98C387F2466B5E200919F2E /* D.wav */; };
		D98C38872466B5E200919F2E /* A.wav in Resources */ = {isa = PBXBuildFile; fileRef = D98C38802466B5E200919F2E /* A.wav */; };
		D98C38882466B5E200919F2E /* B.wav in Resources */ = {isa = PBXBuildFile; fileRef = D98C38812466B5E200919F2E /* B.wav */; };
		D98C38892466B5E200919F2E /* C.wav in Resources */ = {isa = PBXBuildFile; fileRef = D98C38822466B5E200919F2E /* C.wav */; };
		D98C388A2466B5E200919F2E /* E.wav in Resources */ = {isa = PBXBuildFile; fileRef = D98C38832466B5E200919F2E /* E.wav */; };
		D98C388B2466B5E200919F2E /* F.wav in Resources */ = {isa = PBXBuildFile; fileRef = D98C38842466B5E200919F2E /* F.wav */; };
/* End PBXBuildFile section */

/* Begin PBXFileReference section */
		D98C38662466B55F00919F2E /* Xylophone.app */ = {isa = PBXFileReference; explicitFileType = wrapper.application; includeInIndex = 0; path = Xylophone.app; sourceTree = BUILT_PRODUCTS_DIR; };
		D98C38692466B55F00919F2E /* AppDelegate.swift */ = {isa = PBXFileReference; lastKnownFileType = sourcecode.swift; path = AppDelegate.swift; sourceTree = "<group>"; };
		D98C386B2466B55F00919F2E /* SceneDelegate.swift */ = {isa = PBXFileReference; lastKnownFileType = sourcecode.swift; path = SceneDelegate.swift; sourceTree = "<group>"; };
		D98C386D2466B55F00919F2E /* ViewController.swift */ = {isa = PBXFileReference; lastKnownFileType = sourcecode.swift; path = ViewController.swift; sourceTree = "<group>"; };
		D98C38702466B55F00919F2E /* Base */ = {isa = PBXFileReference; lastKnownFileType = file.storyboard; name = Base; path = Base.lproj/Main.storyboard; sourceTree = "<group>"; };
		D98C38722466B56200919F2E /* Assets.xcassets */ = {isa = PBXFileReference; lastKnownFileType = folder.assetcatalog; path = Assets.xcassets; sourceTree = "<group>"; };
		D98C38752466B56200919F2E /* Base */ = {isa = PBXFileReference; lastKnownFileType = file.storyboard; name = Base; path = Base.lproj/LaunchScreen.storyboard; sourceTree = "<group>"; };
		D98C38772466B56200919F2E /* Info.plist */ = {isa = PBXFileReference; lastKnownFileType = text.plist.xml; path = Info.plist; sourceTree = "<group>"; };
		D98C387E2466B5E200919F2E /* G.wav */ = {isa = PBXFileReference; lastKnownFileType = audio.wav; path = G.wav; sourceTree = "<group>"; };
		D98C387F2466B5E200919F2E /* D.wav */ = {isa = PBXFileReference; lastKnownFileType = audio.wav; path = D.wav; sourceTree = "<group>"; };
		D98C38802466B5E200919F2E /* A.wav */ = {isa = PBXFileReference; lastKnownFileType = audio.wav; path = A.wav; sourceTree = "<group>"; };
		D98C38812466B5E200919F2E /* B.wav */ = {isa = PBXFileReference; lastKnownFileType = audio.wav; path = B.wav; sourceTree = "<group>"; };
		D98C38822466B5E200919F2E /* C.wav */ = {isa = PBXFileReference; lastKnownFileType = audio.wav; path = C.wav; sourceTree = "<group>"; };
		D98C38832466B5E200919F2E /* E.wav */ = {isa = PBXFileReference; lastKnownFileType = audio.wav; path = E.wav; sourceTree = "<group>"; };
		D98C38842466B5E200919F2E /* F.wav */ = {isa = PBXFileReference; lastKnownFileType = audio.wav; path = F.wav; sourceTree = "<group>"; };
/* End PBXFileReference section */

/* Begin PBXFrameworksBuildPhase section */
		D98C38632466B55F00919F2E /* Frameworks */ = {
			isa = PBXFrameworksBuildPhase;
			buildActionMask = 2147483647;
			files = (
			);
			runOnlyForDeploymentPostprocessing = 0;
		};
/* End PBXFrameworksBuildPhase section */

/* Begin PBXGroup section */
		D98C385D2466B55F00919F2E = {
			isa = PBXGroup;
			children = (
				D98C38682466B55F00919F2E /* Xylophone */,
				D98C38672466B55F00919F2E /* Products */,
			);
			sourceTree = "<group>";
		};
		D98C38672466B55F00919F2E /* Products */ = {
			isa = PBXGroup;
			children = (
				D98C38662466B55F00919F2E /* Xylophone.app */,
			);
			name = Products;
			sourceTree = "<group>";
		};
		D98C38682466B55F00919F2E /* Xylophone */ = {
			isa = PBXGroup;
			children = (
				D98C38692466B55F00919F2E /* AppDelegate.swift */,
				D98C386B2466B55F00919F2E /* SceneDelegate.swift */,
				D98C386D2466B55F00919F2E /* ViewController.swift */,
				D98C386F2466B55F00919F2E /* Main.storyboard */,
				D98C38722466B56200919F2E /* Assets.xcassets */,
				D98C38742466B56200919F2E /* LaunchScreen.storyboard */,
				D98C38772466B56200919F2E /* Info.plist */,
				D98C387D2466B59D00919F2E /* Sounds */,
			);
			path = Xylophone;
			sourceTree = "<group>";
		};
		D98C387D2466B59D00919F2E /* Sounds */ = {
			isa = PBXGroup;
			children = (
				D98C38802466B5E200919F2E /* A.wav */,
				D98C38812466B5E200919F2E /* B.wav */,
				D98C38822466B5E200919F2E /* C.wav */,
				D98C387F2466B5E200919F2E /* D.wav */,
				D98C38832466B5E200919F2E /* E.wav */,
				D98C38842466B5E200919F2E /* F.wav */,
				D98C387E2466B5E200919F2E /* G.wav */,
			);
			path = Sounds;
			sourceTree = "<group>";
		};
/* End PBXGroup section */

/* Begin PBXNativeTarget section */
		D98C38652466B55F00919F2E /* Xylophone */ = {
			isa = PBXNativeTarget;
			buildConfigurationList = D98C387A2466B56200919F2E /* Build configuration list for PBXNativeTarget "Xylophone" */;
			buildPhases = (
				D98C38622466B55F00919F2E /* Sources */,
				D98C38632466B55F00919F2E /* Frameworks */,
				D98C38642466B55F00919F2E /* Resources */,
			);
			buildRules = (
			);
			dependencies = (
			);
			name = Xylophone;
			productName = Xylophone;
			productReference = D98C38662466B55F00919F2E /* Xylophone.app */;
			productType = "com.apple.product-type.application";
		};
/* End PBXNativeTarget section */

/* Begin PBXProject section */
		D98C385E2466B55F00919F2E /* Project object */ = {
			isa = PBXProject;
			attributes = {
				LastSwiftUpdateCheck = 1140;
				LastUpgradeCheck = 1140;
				ORGANIZATIONNAME = "Eshita Kalsi";
				TargetAttributes = {
					D98C38652466B55F00919F2E = {
						CreatedOnToolsVersion = 11.4.1;
					};
				};
			};
			buildConfigurationList = D98C38612466B55F00919F2E /* Build configuration list for PBXProject "Xylophone" */;
			compatibilityVersion = "Xcode 9.3";
			developmentRegion = en;
			hasScannedForEncodings = 0;
			knownRegions = (
				en,
				Base,
			);
			mainGroup = D98C385D2466B55F00919F2E;
			productRefGroup = D98C38672466B55F00919F2E /* Products */;
			projectDirPath = "";
			projectRoot = "";
			targets = (
				D98C38652466B55F00919F2E /* Xylophone */,
			);
		};
/* End PBXProject section */

/* Begin PBXResourcesBuildPhase section */
		D98C38642466B55F00919F2E /* Resources */ = {
			isa = PBXResourcesBuildPhase;
			buildActionMask = 2147483647;
			files = (
				D98C38872466B5E200919F2E /* A.wav in Resources */,
				D98C38852466B5E200919F2E /* G.wav in Resources */,
				D98C38762466B56200919F2E /* LaunchScreen.storyboard in Resources */,
				D98C388B2466B5E200919F2E /* F.wav in Resources */,
				D98C38882466B5E200919F2E /* B.wav in Resources */,
				D98C38892466B5E200919F2E /* C.wav in Resources */,
				D98C38862466B5E200919F2E /* D.wav in Resources */,
				D98C388A2466B5E200919F2E /* E.wav in Resources */,
				D98C38732466B56200919F2E /* Assets.xcassets in Resources */,
				D98C38712466B55F00919F2E /* Main.storyboard in Resources */,
			);
			runOnlyForDeploymentPostprocessing = 0;
		};
/* End PBXResourcesBuildPhase section */

/* Begin PBXSourcesBuildPhase section */
		D98C38622466B55F00919F2E /* Sources */ = {
			isa = PBXSourcesBuildPhase;
			buildActionMask = 2147483647;
			files = (
				D98C386E2466B55F00919F2E /* ViewController.swift in Sources */,
				D98C386A2466B55F00919F2E /* AppDelegate.swift in Sources */,
				D98C386C2466B55F00919F2E /* SceneDelegate.swift in Sources */,
			);
			runOnlyForDeploymentPostprocessing = 0;
		};
/* End PBXSourcesBuildPhase section */

/* Begin PBXVariantGroup section */
		D98C386F2466B55F00919F2E /* Main.storyboard */ = {
			isa = PBXVariantGroup;
			children = (
				D98C38702466B55F00919F2E /* Base */,
			);
			name = Main.storyboard;
			sourceTree = "<group>";
		};
		D98C38742466B56200919F2E /* LaunchScreen.storyboard */ = {
			isa = PBXVariantGroup;
			children = (
				D98C38752466B56200919F2E /* Base */,
			);
			name = LaunchScreen.storyboard;
			sourceTree = "<group>";
		};
/* End PBXVariantGroup section */

/* Begin XCBuildConfiguration section */
		D98C38782466B56200919F2E /* Debug */ = {
			isa = XCBuildConfiguration;
			buildSettings = {
				ALWAYS_SEARCH_USER_PATHS = NO;
				CLANG_ANALYZER_NONNULL = YES;
				CLANG_ANALYZER_NUMBER_OBJECT_CONVERSION = YES_AGGRESSIVE;
				CLANG_CXX_LANGUAGE_STANDARD = "gnu++14";
				CLANG_CXX_LIBRARY = "libc++";
				CLANG_ENABLE_MODULES = YES;
				CLANG_ENABLE_OBJC_ARC = YES;
				CLANG_ENABLE_OBJC_WEAK = YES;
				CLANG_WARN_BLOCK_CAPTURE_AUTORELEASING = YES;
				CLANG_WARN_BOOL_CONVERSION = YES;
				CLANG_WARN_COMMA = YES;
				CLANG_WARN_CONSTANT_CONVERSION = YES;
				CLANG_WARN_DEPRECATED_OBJC_IMPLEMENTATIONS = YES;
				CLANG_WARN_DIRECT_OBJC_ISA_USAGE = YES_ERROR;
				CLANG_WARN_DOCUMENTATION_COMMENTS = YES;
				CLANG_WARN_EMPTY_BODY = YES;
				CLANG_WARN_ENUM_CONVERSION = YES;
				CLANG_WARN_INFINITE_RECURSION = YES;
				CLANG_WARN_INT_CONVERSION = YES;
				CLANG_WARN_NON_LITERAL_NULL_CONVERSION = YES;
				CLANG_WARN_OBJC_IMPLICIT_RETAIN_SELF = YES;
				CLANG_WARN_OBJC_LITERAL_CONVERSION = YES;
				CLANG_WARN_OBJC_ROOT_CLASS = YES_ERROR;
				CLANG_WARN_RANGE_LOOP_ANALYSIS = YES;
				CLANG_WARN_STRICT_PROTOTYPES = YES;
				CLANG_WARN_SUSPICIOUS_MOVE = YES;
				CLANG_WARN_UNGUARDED_AVAILABILITY = YES_AGGRESSIVE;
				CLANG_WARN_UNREACHABLE_CODE = YES;
				CLANG_WARN__DUPLICATE_METHOD_MATCH = YES;
				COPY_PHASE_STRIP = NO;
				DEBUG_INFORMATION_FORMAT = dwarf;
				ENABLE_STRICT_OBJC_MSGSEND = YES;
				ENABLE_TESTABILITY = YES;
				GCC_C_LANGUAGE_STANDARD = gnu11;
				GCC_DYNAMIC_NO_PIC = NO;
				GCC_NO_COMMON_BLOCKS = YES;
				GCC_OPTIMIZATION_LEVEL = 0;
				GCC_PREPROCESSOR_DEFINITIONS = (
					"DEBUG=1",
					"$(inherited)",
				);
				GCC_WARN_64_TO_32_BIT_CONVERSION = YES;
				GCC_WARN_ABOUT_RETURN_TYPE = YES_ERROR;
				GCC_WARN_UNDECLARED_SELECTOR = YES;
				GCC_WARN_UNINITIALIZED_AUTOS = YES_AGGRESSIVE;
				GCC_WARN_UNUSED_FUNCTION = YES;
				GCC_WARN_UNUSED_VARIABLE = YES;
				IPHONEOS_DEPLOYMENT_TARGET = 13.4;
				MTL_ENABLE_DEBUG_INFO = INCLUDE_SOURCE;
				MTL_FAST_MATH = YES;
				ONLY_ACTIVE_ARCH = YES;
				SDKROOT = iphoneos;
				SWIFT_ACTIVE_COMPILATION_CONDITIONS = DEBUG;
				SWIFT_OPTIMIZATION_LEVEL = "-Onone";
			};
			name = Debug;
		};
		D98C38792466B56200919F2E /* Release */ = {
			isa = XCBuildConfiguration;
			buildSettings = {
				ALWAYS_SEARCH_USER_PATHS = NO;
				CLANG_ANALYZER_NONNULL = YES;
				CLANG_ANALYZER_NUMBER_OBJECT_CONVERSION = YES_AGGRESSIVE;
				CLANG_CXX_LANGUAGE_STANDARD = "gnu++14";
				CLANG_CXX_LIBRARY = "libc++";
				CLANG_ENABLE_MODULES = YES;
				CLANG_ENABLE_OBJC_ARC = YES;
				CLANG_ENABLE_OBJC_WEAK = YES;
				CLANG_WARN_BLOCK_CAPTURE_AUTORELEASING = YES;
				CLANG_WARN_BOOL_CONVERSION = YES;
				CLANG_WARN_COMMA = YES;
				CLANG_WARN_CONSTANT_CONVERSION = YES;
				CLANG_WARN_DEPRECATED_OBJC_IMPLEMENTATIONS = YES;
				CLANG_WARN_DIRECT_OBJC_ISA_USAGE = YES_ERROR;
				CLANG_WARN_DOCUMENTATION_COMMENTS = YES;
				CLANG_WARN_EMPTY_BODY = YES;
				CLANG_WARN_ENUM_CONVERSION = YES;
				CLANG_WARN_INFINITE_RECURSION = YES;
				CLANG_WARN_INT_CONVERSION = YES;
				CLANG_WARN_NON_LITERAL_NULL_CONVERSION = YES;
				CLANG_WARN_OBJC_IMPLICIT_RETAIN_SELF = YES;
				CLANG_WARN_OBJC_LITERAL_CONVERSION = YES;
				CLANG_WARN_OBJC_ROOT_CLASS = YES_ERROR;
				CLANG_WARN_RANGE_LOOP_ANALYSIS = YES;
				CLANG_WARN_STRICT_PROTOTYPES = YES;
				CLANG_WARN_SUSPICIOUS_MOVE = YES;
				CLANG_WARN_UNGUARDED_AVAILABILITY = YES_AGGRESSIVE;
				CLANG_WARN_UNREACHABLE_CODE = YES;
				CLANG_WARN__DUPLICATE_METHOD_MATCH = YES;
				COPY_PHASE_STRIP = NO;
				DEBUG_INFORMATION_FORMAT = "dwarf-with-dsym";
				ENABLE_NS_ASSERTIONS = NO;
				ENABLE_STRICT_OBJC_MSGSEND = YES;
				GCC_C_LANGUAGE_STANDARD = gnu11;
				GCC_NO_COMMON_BLOCKS = YES;
				GCC_WARN_64_TO_32_BIT_CONVERSION = YES;
				GCC_WARN_ABOUT_RETURN_TYPE = YES_ERROR;
				GCC_WARN_UNDECLARED_SELECTOR = YES;
				GCC_WARN_UNINITIALIZED_AUTOS = YES_AGGRESSIVE;
				GCC_WARN_UNUSED_FUNCTION = YES;
				GCC_WARN_UNUSED_VARIABLE = YES;
				IPHONEOS_DEPLOYMENT_TARGET = 13.4;
				MTL_ENABLE_DEBUG_INFO = NO;
				MTL_FAST_MATH = YES;
				SDKROOT = iphoneos;
				SWIFT_COMPILATION_MODE = wholemodule;
				SWIFT_OPTIMIZATION_LEVEL = "-O";
				VALIDATE_PRODUCT = YES;
			};
			name = Release;
		};
		D98C387B2466B56200919F2E /* Debug */ = {
			isa = XCBuildConfiguration;
			buildSettings = {
				ASSETCATALOG_COMPILER_APPICON_NAME = AppIcon;
				CODE_SIGN_STYLE = Automatic;
				DEVELOPMENT_TEAM = HCWZQP6AMM;
				INFOPLIST_FILE = Xylophone/Info.plist;
				LD_RUNPATH_SEARCH_PATHS = (
					"$(inherited)",
					"@executable_path/Frameworks",
				);
				PRODUCT_BUNDLE_IDENTIFIER = com.eshitakalsi.Xylophone;
				PRODUCT_NAME = "$(TARGET_NAME)";
				SWIFT_VERSION = 5.0;
				TARGETED_DEVICE_FAMILY = 1;
			};
			name = Debug;
		};
		D98C387C2466B56200919F2E /* Release */ = {
			isa = XCBuildConfiguration;
			buildSettings = {
				ASSETCATALOG_COMPILER_APPICON_NAME = AppIcon;
				CODE_SIGN_STYLE = Automatic;
				DEVELOPMENT_TEAM = HCWZQP6AMM;
				INFOPLIST_FILE = Xylophone/Info.plist;
				LD_RUNPATH_SEARCH_PATHS = (
					"$(inherited)",
					"@executable_path/Frameworks",
				);
				PRODUCT_BUNDLE_IDENTIFIER = com.eshitakalsi.Xylophone;
				PRODUCT_NAME = "$(TARGET_NAME)";
				SWIFT_VERSION = 5.0;
				TARGETED_DEVICE_FAMILY = 1;
			};
			name = Release;
		};
/* End XCBuildConfiguration section */

/* Begin XCConfigurationList section */
		D98C38612466B55F00919F2E /* Build configuration list for PBXProject "Xylophone" */ = {
			isa = XCConfigurationList;
			buildConfigurations = (
				D98C38782466B56200919F2E /* Debug */,
				D98C38792466B56200919F2E /* Release */,
			);
			defaultConfigurationIsVisible = 0;
			defaultConfigurationName = Release;
		};
		D98C387A2466B56200919F2E /* Build configuration list for PBXNativeTarget "Xylophone" */ = {
			isa = XCConfigurationList;
			buildConfigurations = (
				D98C387B2466B56200919F2E /* Debug */,
				D98C387C2466B56200919F2E /* Release */,
			);
			defaultConfigurationIsVisible = 0;
			defaultConfigurationName = Release;
		};
/* End XCConfigurationList section */
	};
	rootObject = D98C385E2466B55F00919F2E /* Project object */;
}
